
Microsoft Visual Studio Solution File, Format Version 12.00
# Visual Studio Version 16
VisualStudioVersion = 16.0.28803.352
MinimumVisualStudioVersion = 10.0.40219.1
Project("{FAE04EC0-301F-11D3-BF4B-00C04F79EFBC}") = "01-ByteBank", "01-ByteBank\01-ByteBank\01-ByteBank.csproj", "{E37936B4-6F0E-4C29-99F7-A1BA34F8F841}"
EndProject
Project("{FAE04EC0-301F-11D3-BF4B-00C04F79EFBC}") = "02_ByteBank", "02_ByteBank\02_ByteBank\02_ByteBank.csproj", "{FA26D326-9285-4672-B50D-3ED139D4311A}"
EndProject
Project("{FAE04EC0-301F-11D3-BF4B-00C04F79EFBC}") = "03_ByteBank", "03_ByteBank\03_ByteBank\03_ByteBank.csproj", "{BE2F9D09-2A1E-46C6-B44A-8910FFD8F285}"
EndProject
Project("{FAE04EC0-301F-11D3-BF4B-00C04F79EFBC}") = "03_ByteBankEx", "03_ByteBankEx\03_ByteBankEx\03_ByteBankEx.csproj", "{EC8A482D-10ED-4774-AC06-64B9497C736E}"
EndProject
Project("{FAE04EC0-301F-11D3-BF4B-00C04F79EFBC}") = "04_ByteBank", "04_ByteBank\04_ByteBank\04_ByteBank.csproj", "{A78031CF-56BF-4B01-A027-6AEF9FEDDDEF}"
EndProject
Global
	GlobalSection(SolutionConfigurationPlatforms) = preSolution
		Debug|Any CPU = Debug|Any CPU
		Debug|x64 = Debug|x64
		Debug|x86 = Debug|x86
		Release|Any CPU = Release|Any CPU
		Release|x64 = Release|x64
		Release|x86 = Release|x86
	EndGlobalSection
	GlobalSection(ProjectConfigurationPlatforms) = postSolution
		{E37936B4-6F0E-4C29-99F7-A1BA34F8F841}.Debug|Any CPU.ActiveCfg = Debug|Any CPU
		{E37936B4-6F0E-4C29-99F7-A1BA34F8F841}.Debug|Any CPU.Build.0 = Debug|Any CPU
		{E37936B4-6F0E-4C29-99F7-A1BA34F8F841}.Debug|x64.ActiveCfg = Debug|Any CPU
		{E37936B4-6F0E-4C29-99F7-A1BA34F8F841}.Debug|x64.Build.0 = Debug|Any CPU
		{E37936B4-6F0E-4C29-99F7-A1BA34F8F841}.Debug|x86.ActiveCfg = Debug|Any CPU
		{E37936B4-6F0E-4C29-99F7-A1BA34F8F841}.Debug|x86.Build.0 = Debug|Any CPU
		{E37936B4-6F0E-4C29-99F7-A1BA34F8F841}.Release|Any CPU.ActiveCfg = Release|Any CPU
		{E37936B4-6F0E-4C29-99F7-A1BA34F8F841}.Release|Any CPU.Build.0 = Release|Any CPU
		{E37936B4-6F0E-4C29-99F7-A1BA34F8F841}.Release|x64.ActiveCfg = Release|Any CPU
		{E37936B4-6F0E-4C29-99F7-A1BA34F8F841}.Release|x64.Build.0 = Release|Any CPU
		{E37936B4-6F0E-4C29-99F7-A1BA34F8F841}.Release|x86.ActiveCfg = Release|Any CPU
		{E37936B4-6F0E-4C29-99F7-A1BA34F8F841}.Release|x86.Build.0 = Release|Any CPU
		{FA26D326-9285-4672-B50D-3ED139D4311A}.Debug|Any CPU.ActiveCfg = Debug|Any CPU
		{FA26D326-9285-4672-B50D-3ED139D4311A}.Debug|Any CPU.Build.0 = Debug|Any CPU
		{FA26D326-9285-4672-B50D-3ED139D4311A}.Debug|x64.ActiveCfg = Debug|Any CPU
		{FA26D326-9285-4672-B50D-3ED139D4311A}.Debug|x64.Build.0 = Debug|Any CPU
		{FA26D326-9285-4672-B50D-3ED139D4311A}.Debug|x86.ActiveCfg = Debug|Any CPU
		{FA26D326-9285-4672-B50D-3ED139D4311A}.Debug|x86.Build.0 = Debug|Any CPU
		{FA26D326-9285-4672-B50D-3ED139D4311A}.Release|Any CPU.ActiveCfg = Release|Any CPU
		{FA26D326-9285-4672-B50D-3ED139D4311A}.Release|Any CPU.Build.0 = Release|Any CPU
		{FA26D326-9285-4672-B50D-3ED139D4311A}.Release|x64.ActiveCfg = Release|Any CPU
		{FA26D326-9285-4672-B50D-3ED139D4311A}.Release|x64.Build.0 = Release|Any CPU
		{FA26D326-9285-4672-B50D-3ED139D4311A}.Release|x86.ActiveCfg = Release|Any CPU
		{FA26D326-9285-4672-B50D-3ED139D4311A}.Release|x86.Build.0 = Release|Any CPU
		{BE2F9D09-2A1E-46C6-B44A-8910FFD8F285}.Debug|Any CPU.ActiveCfg = Debug|Any CPU
		{BE2F9D09-2A1E-46C6-B44A-8910FFD8F285}.Debug|Any CPU.Build.0 = Debug|Any CPU
		{BE2F9D09-2A1E-46C6-B44A-8910FFD8F285}.Debug|x64.ActiveCfg = Debug|Any CPU
		{BE2F9D09-2A1E-46C6-B44A-8910FFD8F285}.Debug|x64.Build.0 = Debug|Any CPU
		{BE2F9D09-2A1E-46C6-B44A-8910FFD8F285}.Debug|x86.ActiveCfg = Debug|Any CPU
		{BE2F9D09-2A1E-46C6-B44A-8910FFD8F285}.Debug|x86.Build.0 = Debug|Any CPU
		{BE2F9D09-2A1E-46C6-B44A-8910FFD8F285}.Release|Any CPU.ActiveCfg = Release|Any CPU
		{BE2F9D09-2A1E-46C6-B44A-8910FFD8F285}.Release|Any CPU.Build.0 = Release|Any CPU
		{BE2F9D09-2A1E-46C6-B44A-8910FFD8F285}.Release|x64.ActiveCfg = Release|Any CPU
		{BE2F9D09-2A1E-46C6-B44A-8910FFD8F285}.Release|x64.Build.0 = Release|Any CPU
		{BE2F9D09-2A1E-46C6-B44A-8910FFD8F285}.Release|x86.ActiveCfg = Release|Any CPU
		{BE2F9D09-2A1E-46C6-B44A-8910FFD8F285}.Release|x86.Build.0 = Release|Any CPU
		{EC8A482D-10ED-4774-AC06-64B9497C736E}.Debug|Any CPU.ActiveCfg = Debug|Any CPU
		{EC8A482D-10ED-4774-AC06-64B9497C736E}.Debug|Any CPU.Build.0 = Debug|Any CPU
		{EC8A482D-10ED-4774-AC06-64B9497C736E}.Debug|x64.ActiveCfg = Debug|Any CPU
		{EC8A482D-10ED-4774-AC06-64B9497C736E}.Debug|x64.Build.0 = Debug|Any CPU
		{EC8A482D-10ED-4774-AC06-64B9497C736E}.Debug|x86.ActiveCfg = Debug|Any CPU
		{EC8A482D-10ED-4774-AC06-64B9497C736E}.Debug|x86.Build.0 = Debug|Any CPU
		{EC8A482D-10ED-4774-AC06-64B9497C736E}.Release|Any CPU.ActiveCfg = Release|Any CPU
		{EC8A482D-10ED-4774-AC06-64B9497C736E}.Release|Any CPU.Build.0 = Release|Any CPU
		{EC8A482D-10ED-4774-AC06-64B9497C736E}.Release|x64.ActiveCfg = Release|Any CPU
		{EC8A482D-10ED-4774-AC06-64B9497C736E}.Release|x64.Build.0 = Release|Any CPU
		{EC8A482D-10ED-4774-AC06-64B9497C736E}.Release|x86.ActiveCfg = Release|Any CPU
		{EC8A482D-10ED-4774-AC06-64B9497C736E}.Release|x86.Build.0 = Release|Any CPU
		{A78031CF-56BF-4B01-A027-6AEF9FEDDDEF}.Debug|Any CPU.ActiveCfg = Debug|Any CPU
		{A78031CF-56BF-4B01-A027-6AEF9FEDDDEF}.Debug|Any CPU.Build.0 = Debug|Any CPU
		{A78031CF-56BF-4B01-A027-6AEF9FEDDDEF}.Debug|x64.ActiveCfg = Debug|Any CPU
		{A78031CF-56BF-4B01-A027-6AEF9FEDDDEF}.Debug|x64.Build.0 = Debug|Any CPU
		{A78031CF-56BF-4B01-A027-6AEF9FEDDDEF}.Debug|x86.ActiveCfg = Debug|Any CPU
		{A78031CF-56BF-4B01-A027-6AEF9FEDDDEF}.Debug|x86.Build.0 = Debug|Any CPU
		{A78031CF-56BF-4B01-A027-6AEF9FEDDDEF}.Release|Any CPU.ActiveCfg = Release|Any CPU
		{A78031CF-56BF-4B01-A027-6AEF9FEDDDEF}.Release|Any CPU.Build.0 = Release|Any CPU
		{A78031CF-56BF-4B01-A027-6AEF9FEDDDEF}.Release|x64.ActiveCfg = Release|Any CPU
		{A78031CF-56BF-4B01-A027-6AEF9FEDDDEF}.Release|x64.Build.0 = Release|Any CPU
		{A78031CF-56BF-4B01-A027-6AEF9FEDDDEF}.Release|x86.ActiveCfg = Release|Any CPU
		{A78031CF-56BF-4B01-A027-6AEF9FEDDDEF}.Release|x86.Build.0 = Release|Any CPU
	EndGlobalSection
	GlobalSection(SolutionProperties) = preSolution
		HideSolutionNode = FALSE
	EndGlobalSection
	GlobalSection(ExtensibilityGlobals) = postSolution
		SolutionGuid = {99943DDD-BDA6-4FC0-AE04-E637DA99DA06}
	EndGlobalSection
EndGlobal
