
Microsoft Visual Studio Solution File, Format Version 12.00
# Visual Studio Version 16
VisualStudioVersion = 16.0.28803.156
MinimumVisualStudioVersion = 10.0.40219.1
Project("{9A19103F-16F7-4668-BE54-9A1E7A4F7556}") = "01_HelloWorld", "01_HelloWorld\01_HelloWorld.csproj", "{70CB6C1B-E907-44F3-8C8D-4CCDBF31AC97}"
EndProject
Project("{9A19103F-16F7-4668-BE54-9A1E7A4F7556}") = "01_HelloWorld2", "01__HelloWorld2\01_HelloWorld2.csproj", "{F101F5AC-EB61-4A7A-B438-AC39ECB7AB5A}"
EndProject
Project("{9A19103F-16F7-4668-BE54-9A1E7A4F7556}") = "02_MeuPrimeiroProjeto", "..\02_MeuPrimeiroProjeto\02_MeuPrimeiroProjeto\02_MeuPrimeiroProjeto.csproj", "{2CBFA8E7-EBFC-42E2-9555-5E06ECED2B75}"
EndProject
Project("{9A19103F-16F7-4668-BE54-9A1E7A4F7556}") = "03_CriandoVariaveis", "..\03_CriandoVariaveis\03_CriandoVariaveis\03_CriandoVariaveis.csproj", "{9A032C33-E495-4FFF-BC80-61DAA2EB1DE5}"
EndProject
Project("{9A19103F-16F7-4668-BE54-9A1E7A4F7556}") = "04_UtilizandoPontosFlutuantes", "..\04_UtilizandoPontosFlutuantes\04_UtilizandoPontosFlutuantes\04_UtilizandoPontosFlutuantes.csproj", "{78A41180-F31A-4ADA-8A69-FBCB14783459}"
EndProject
Project("{9A19103F-16F7-4668-BE54-9A1E7A4F7556}") = "05_UtilizandoCasting", "..\05_UtilizandoCasting\05_UtilizandoCasting\05_UtilizandoCasting.csproj", "{1B7AFA43-2F74-4EF0-966D-D7B68996FB19}"
EndProject
Project("{9A19103F-16F7-4668-BE54-9A1E7A4F7556}") = "06_Condicionais", "..\06_Condicionais\06_Condicionais\06_Condicionais.csproj", "{A84D1D2B-2E4F-4A1E-967D-205296779BF3}"
EndProject
Project("{9A19103F-16F7-4668-BE54-9A1E7A4F7556}") = "07_ConcidionaisNoSalario", "..\07_ConcidionaisNoSalario\07_ConcidionaisNoSalario\07_ConcidionaisNoSalario.csproj", "{1615EACE-9FFE-4CBC-AAF1-8845CCF516CC}"
EndProject
Project("{9A19103F-16F7-4668-BE54-9A1E7A4F7556}") = "08_CondicionaisBooleanas", "..\08_CondicionaisBooleanas\08_CondicionaisBooleanas\08_CondicionaisBooleanas.csproj", "{40978109-7DC4-4371-8591-42844C63486A}"
EndProject
Project("{9A19103F-16F7-4668-BE54-9A1E7A4F7556}") = "09_Escopo", "..\09_Escopo\09_Escopo\09_Escopo.csproj", "{A1454AF0-91BB-4A64-9A52-56218EF7AF68}"
EndProject
Project("{FAE04EC0-301F-11D3-BF4B-00C04F79EFBC}") = "10_TestandoMaisCondicionais", "..\10_TestandoMaisCondicionais\10_TestandoMaisCondicionais\10_TestandoMaisCondicionais.csproj", "{11BABE63-AD65-45F4-B1EF-3BD7E9726596}"
EndProject
Project("{FAE04EC0-301F-11D3-BF4B-00C04F79EFBC}") = "11_TestandoAliquotas", "..\11_TestandoAliquotas\11_TestandoAliquotas\11_TestandoAliquotas.csproj", "{ACAE36C7-BB45-43B4-B045-FE1143E03BF3}"
EndProject
Project("{FAE04EC0-301F-11D3-BF4B-00C04F79EFBC}") = "12_TestandoSwitch", "..\12_TestandoSwitch\12_TestandoSwitch.csproj", "{F5D8D39F-A06E-4C8C-BD44-39494E86774D}"
EndProject
Project("{FAE04EC0-301F-11D3-BF4B-00C04F79EFBC}") = "13_CalculaPoupanca", "..\13_CalculaPoupanca\13_CalculaPoupanca\13_CalculaPoupanca.csproj", "{292644F4-E97A-4070-BFE5-AFF5612DFEF8}"
EndProject
Project("{FAE04EC0-301F-11D3-BF4B-00C04F79EFBC}") = "14_EncadeandoLacosFor", "..\14_EncadeandoLacosFor\14_EncadeandoLacosFor\14_EncadeandoLacosFor.csproj", "{9E2B1E13-18D8-457B-AB98-B27EF11F19AC}"
EndProject
Project("{FAE04EC0-301F-11D3-BF4B-00C04F79EFBC}") = "15_LacosDeRepeticaoFor", "..\15_LacosDeRepeticaoFor\15_LacosDeRepeticaoFor.csproj", "{939C3D54-455F-419F-B9CA-61699FE2CC29}"
EndProject
Project("{FAE04EC0-301F-11D3-BF4B-00C04F79EFBC}") = "16_LacosDeRepeticaoFor2", "..\16_LacosDeRepeticaoFor2\16_LacosDeRepeticaoFor2.csproj", "{71490492-D513-4471-A0EE-4B654E3C96CF}"
EndProject
Project("{FAE04EC0-301F-11D3-BF4B-00C04F79EFBC}") = "17_LacosImpressaoMultiplos", "..\17_LacosImpressaoMultiplos\17_LacosImpressaoMultiplos.csproj", "{7B8D3F63-EDA4-40E9-B6A3-2B6F3BD5C1FE}"
EndProject
Project("{FAE04EC0-301F-11D3-BF4B-00C04F79EFBC}") = "18_LacosForWhileFatorial", "..\18_LacosForWhileFatorial\18_LacosForWhileFatorial\18_LacosForWhileFatorial.csproj", "{79D4BB32-4355-429E-9BE5-13512EF53FF4}"
EndProject
Global
	GlobalSection(SolutionConfigurationPlatforms) = preSolution
		Debug|Any CPU = Debug|Any CPU
		Debug|x64 = Debug|x64
		Debug|x86 = Debug|x86
		Release|Any CPU = Release|Any CPU
		Release|x64 = Release|x64
		Release|x86 = Release|x86
	EndGlobalSection
	GlobalSection(ProjectConfigurationPlatforms) = postSolution
		{70CB6C1B-E907-44F3-8C8D-4CCDBF31AC97}.Debug|Any CPU.ActiveCfg = Debug|Any CPU
		{70CB6C1B-E907-44F3-8C8D-4CCDBF31AC97}.Debug|Any CPU.Build.0 = Debug|Any CPU
		{70CB6C1B-E907-44F3-8C8D-4CCDBF31AC97}.Debug|x64.ActiveCfg = Debug|Any CPU
		{70CB6C1B-E907-44F3-8C8D-4CCDBF31AC97}.Debug|x64.Build.0 = Debug|Any CPU
		{70CB6C1B-E907-44F3-8C8D-4CCDBF31AC97}.Debug|x86.ActiveCfg = Debug|Any CPU
		{70CB6C1B-E907-44F3-8C8D-4CCDBF31AC97}.Debug|x86.Build.0 = Debug|Any CPU
		{70CB6C1B-E907-44F3-8C8D-4CCDBF31AC97}.Release|Any CPU.ActiveCfg = Release|Any CPU
		{70CB6C1B-E907-44F3-8C8D-4CCDBF31AC97}.Release|Any CPU.Build.0 = Release|Any CPU
		{70CB6C1B-E907-44F3-8C8D-4CCDBF31AC97}.Release|x64.ActiveCfg = Release|Any CPU
		{70CB6C1B-E907-44F3-8C8D-4CCDBF31AC97}.Release|x64.Build.0 = Release|Any CPU
		{70CB6C1B-E907-44F3-8C8D-4CCDBF31AC97}.Release|x86.ActiveCfg = Release|Any CPU
		{70CB6C1B-E907-44F3-8C8D-4CCDBF31AC97}.Release|x86.Build.0 = Release|Any CPU
		{F101F5AC-EB61-4A7A-B438-AC39ECB7AB5A}.Debug|Any CPU.ActiveCfg = Debug|Any CPU
		{F101F5AC-EB61-4A7A-B438-AC39ECB7AB5A}.Debug|Any CPU.Build.0 = Debug|Any CPU
		{F101F5AC-EB61-4A7A-B438-AC39ECB7AB5A}.Debug|x64.ActiveCfg = Debug|Any CPU
		{F101F5AC-EB61-4A7A-B438-AC39ECB7AB5A}.Debug|x64.Build.0 = Debug|Any CPU
		{F101F5AC-EB61-4A7A-B438-AC39ECB7AB5A}.Debug|x86.ActiveCfg = Debug|Any CPU
		{F101F5AC-EB61-4A7A-B438-AC39ECB7AB5A}.Debug|x86.Build.0 = Debug|Any CPU
		{F101F5AC-EB61-4A7A-B438-AC39ECB7AB5A}.Release|Any CPU.ActiveCfg = Release|Any CPU
		{F101F5AC-EB61-4A7A-B438-AC39ECB7AB5A}.Release|Any CPU.Build.0 = Release|Any CPU
		{F101F5AC-EB61-4A7A-B438-AC39ECB7AB5A}.Release|x64.ActiveCfg = Release|Any CPU
		{F101F5AC-EB61-4A7A-B438-AC39ECB7AB5A}.Release|x64.Build.0 = Release|Any CPU
		{F101F5AC-EB61-4A7A-B438-AC39ECB7AB5A}.Release|x86.ActiveCfg = Release|Any CPU
		{F101F5AC-EB61-4A7A-B438-AC39ECB7AB5A}.Release|x86.Build.0 = Release|Any CPU
		{2CBFA8E7-EBFC-42E2-9555-5E06ECED2B75}.Debug|Any CPU.ActiveCfg = Debug|Any CPU
		{2CBFA8E7-EBFC-42E2-9555-5E06ECED2B75}.Debug|Any CPU.Build.0 = Debug|Any CPU
		{2CBFA8E7-EBFC-42E2-9555-5E06ECED2B75}.Debug|x64.ActiveCfg = Debug|Any CPU
		{2CBFA8E7-EBFC-42E2-9555-5E06ECED2B75}.Debug|x64.Build.0 = Debug|Any CPU
		{2CBFA8E7-EBFC-42E2-9555-5E06ECED2B75}.Debug|x86.ActiveCfg = Debug|Any CPU
		{2CBFA8E7-EBFC-42E2-9555-5E06ECED2B75}.Debug|x86.Build.0 = Debug|Any CPU
		{2CBFA8E7-EBFC-42E2-9555-5E06ECED2B75}.Release|Any CPU.ActiveCfg = Release|Any CPU
		{2CBFA8E7-EBFC-42E2-9555-5E06ECED2B75}.Release|Any CPU.Build.0 = Release|Any CPU
		{2CBFA8E7-EBFC-42E2-9555-5E06ECED2B75}.Release|x64.ActiveCfg = Release|Any CPU
		{2CBFA8E7-EBFC-42E2-9555-5E06ECED2B75}.Release|x64.Build.0 = Release|Any CPU
		{2CBFA8E7-EBFC-42E2-9555-5E06ECED2B75}.Release|x86.ActiveCfg = Release|Any CPU
		{2CBFA8E7-EBFC-42E2-9555-5E06ECED2B75}.Release|x86.Build.0 = Release|Any CPU
		{9A032C33-E495-4FFF-BC80-61DAA2EB1DE5}.Debug|Any CPU.ActiveCfg = Debug|Any CPU
		{9A032C33-E495-4FFF-BC80-61DAA2EB1DE5}.Debug|Any CPU.Build.0 = Debug|Any CPU
		{9A032C33-E495-4FFF-BC80-61DAA2EB1DE5}.Debug|x64.ActiveCfg = Debug|Any CPU
		{9A032C33-E495-4FFF-BC80-61DAA2EB1DE5}.Debug|x64.Build.0 = Debug|Any CPU
		{9A032C33-E495-4FFF-BC80-61DAA2EB1DE5}.Debug|x86.ActiveCfg = Debug|Any CPU
		{9A032C33-E495-4FFF-BC80-61DAA2EB1DE5}.Debug|x86.Build.0 = Debug|Any CPU
		{9A032C33-E495-4FFF-BC80-61DAA2EB1DE5}.Release|Any CPU.ActiveCfg = Release|Any CPU
		{9A032C33-E495-4FFF-BC80-61DAA2EB1DE5}.Release|Any CPU.Build.0 = Release|Any CPU
		{9A032C33-E495-4FFF-BC80-61DAA2EB1DE5}.Release|x64.ActiveCfg = Release|Any CPU
		{9A032C33-E495-4FFF-BC80-61DAA2EB1DE5}.Release|x64.Build.0 = Release|Any CPU
		{9A032C33-E495-4FFF-BC80-61DAA2EB1DE5}.Release|x86.ActiveCfg = Release|Any CPU
		{9A032C33-E495-4FFF-BC80-61DAA2EB1DE5}.Release|x86.Build.0 = Release|Any CPU
		{78A41180-F31A-4ADA-8A69-FBCB14783459}.Debug|Any CPU.ActiveCfg = Debug|Any CPU
		{78A41180-F31A-4ADA-8A69-FBCB14783459}.Debug|Any CPU.Build.0 = Debug|Any CPU
		{78A41180-F31A-4ADA-8A69-FBCB14783459}.Debug|x64.ActiveCfg = Debug|Any CPU
		{78A41180-F31A-4ADA-8A69-FBCB14783459}.Debug|x64.Build.0 = Debug|Any CPU
		{78A41180-F31A-4ADA-8A69-FBCB14783459}.Debug|x86.ActiveCfg = Debug|Any CPU
		{78A41180-F31A-4ADA-8A69-FBCB14783459}.Debug|x86.Build.0 = Debug|Any CPU
		{78A41180-F31A-4ADA-8A69-FBCB14783459}.Release|Any CPU.ActiveCfg = Release|Any CPU
		{78A41180-F31A-4ADA-8A69-FBCB14783459}.Release|Any CPU.Build.0 = Release|Any CPU
		{78A41180-F31A-4ADA-8A69-FBCB14783459}.Release|x64.ActiveCfg = Release|Any CPU
		{78A41180-F31A-4ADA-8A69-FBCB14783459}.Release|x64.Build.0 = Release|Any CPU
		{78A41180-F31A-4ADA-8A69-FBCB14783459}.Release|x86.ActiveCfg = Release|Any CPU
		{78A41180-F31A-4ADA-8A69-FBCB14783459}.Release|x86.Build.0 = Release|Any CPU
		{1B7AFA43-2F74-4EF0-966D-D7B68996FB19}.Debug|Any CPU.ActiveCfg = Debug|Any CPU
		{1B7AFA43-2F74-4EF0-966D-D7B68996FB19}.Debug|Any CPU.Build.0 = Debug|Any CPU
		{1B7AFA43-2F74-4EF0-966D-D7B68996FB19}.Debug|x64.ActiveCfg = Debug|Any CPU
		{1B7AFA43-2F74-4EF0-966D-D7B68996FB19}.Debug|x64.Build.0 = Debug|Any CPU
		{1B7AFA43-2F74-4EF0-966D-D7B68996FB19}.Debug|x86.ActiveCfg = Debug|Any CPU
		{1B7AFA43-2F74-4EF0-966D-D7B68996FB19}.Debug|x86.Build.0 = Debug|Any CPU
		{1B7AFA43-2F74-4EF0-966D-D7B68996FB19}.Release|Any CPU.ActiveCfg = Release|Any CPU
		{1B7AFA43-2F74-4EF0-966D-D7B68996FB19}.Release|Any CPU.Build.0 = Release|Any CPU
		{1B7AFA43-2F74-4EF0-966D-D7B68996FB19}.Release|x64.ActiveCfg = Release|Any CPU
		{1B7AFA43-2F74-4EF0-966D-D7B68996FB19}.Release|x64.Build.0 = Release|Any CPU
		{1B7AFA43-2F74-4EF0-966D-D7B68996FB19}.Release|x86.ActiveCfg = Release|Any CPU
		{1B7AFA43-2F74-4EF0-966D-D7B68996FB19}.Release|x86.Build.0 = Release|Any CPU
		{A84D1D2B-2E4F-4A1E-967D-205296779BF3}.Debug|Any CPU.ActiveCfg = Debug|Any CPU
		{A84D1D2B-2E4F-4A1E-967D-205296779BF3}.Debug|Any CPU.Build.0 = Debug|Any CPU
		{A84D1D2B-2E4F-4A1E-967D-205296779BF3}.Debug|x64.ActiveCfg = Debug|Any CPU
		{A84D1D2B-2E4F-4A1E-967D-205296779BF3}.Debug|x64.Build.0 = Debug|Any CPU
		{A84D1D2B-2E4F-4A1E-967D-205296779BF3}.Debug|x86.ActiveCfg = Debug|Any CPU
		{A84D1D2B-2E4F-4A1E-967D-205296779BF3}.Debug|x86.Build.0 = Debug|Any CPU
		{A84D1D2B-2E4F-4A1E-967D-205296779BF3}.Release|Any CPU.ActiveCfg = Release|Any CPU
		{A84D1D2B-2E4F-4A1E-967D-205296779BF3}.Release|Any CPU.Build.0 = Release|Any CPU
		{A84D1D2B-2E4F-4A1E-967D-205296779BF3}.Release|x64.ActiveCfg = Release|Any CPU
		{A84D1D2B-2E4F-4A1E-967D-205296779BF3}.Release|x64.Build.0 = Release|Any CPU
		{A84D1D2B-2E4F-4A1E-967D-205296779BF3}.Release|x86.ActiveCfg = Release|Any CPU
		{A84D1D2B-2E4F-4A1E-967D-205296779BF3}.Release|x86.Build.0 = Release|Any CPU
		{1615EACE-9FFE-4CBC-AAF1-8845CCF516CC}.Debug|Any CPU.ActiveCfg = Debug|Any CPU
		{1615EACE-9FFE-4CBC-AAF1-8845CCF516CC}.Debug|Any CPU.Build.0 = Debug|Any CPU
		{1615EACE-9FFE-4CBC-AAF1-8845CCF516CC}.Debug|x64.ActiveCfg = Debug|Any CPU
		{1615EACE-9FFE-4CBC-AAF1-8845CCF516CC}.Debug|x64.Build.0 = Debug|Any CPU
		{1615EACE-9FFE-4CBC-AAF1-8845CCF516CC}.Debug|x86.ActiveCfg = Debug|Any CPU
		{1615EACE-9FFE-4CBC-AAF1-8845CCF516CC}.Debug|x86.Build.0 = Debug|Any CPU
		{1615EACE-9FFE-4CBC-AAF1-8845CCF516CC}.Release|Any CPU.ActiveCfg = Release|Any CPU
		{1615EACE-9FFE-4CBC-AAF1-8845CCF516CC}.Release|Any CPU.Build.0 = Release|Any CPU
		{1615EACE-9FFE-4CBC-AAF1-8845CCF516CC}.Release|x64.ActiveCfg = Release|Any CPU
		{1615EACE-9FFE-4CBC-AAF1-8845CCF516CC}.Release|x64.Build.0 = Release|Any CPU
		{1615EACE-9FFE-4CBC-AAF1-8845CCF516CC}.Release|x86.ActiveCfg = Release|Any CPU
		{1615EACE-9FFE-4CBC-AAF1-8845CCF516CC}.Release|x86.Build.0 = Release|Any CPU
		{40978109-7DC4-4371-8591-42844C63486A}.Debug|Any CPU.ActiveCfg = Debug|Any CPU
		{40978109-7DC4-4371-8591-42844C63486A}.Debug|Any CPU.Build.0 = Debug|Any CPU
		{40978109-7DC4-4371-8591-42844C63486A}.Debug|x64.ActiveCfg = Debug|Any CPU
		{40978109-7DC4-4371-8591-42844C63486A}.Debug|x64.Build.0 = Debug|Any CPU
		{40978109-7DC4-4371-8591-42844C63486A}.Debug|x86.ActiveCfg = Debug|Any CPU
		{40978109-7DC4-4371-8591-42844C63486A}.Debug|x86.Build.0 = Debug|Any CPU
		{40978109-7DC4-4371-8591-42844C63486A}.Release|Any CPU.ActiveCfg = Release|Any CPU
		{40978109-7DC4-4371-8591-42844C63486A}.Release|Any CPU.Build.0 = Release|Any CPU
		{40978109-7DC4-4371-8591-42844C63486A}.Release|x64.ActiveCfg = Release|Any CPU
		{40978109-7DC4-4371-8591-42844C63486A}.Release|x64.Build.0 = Release|Any CPU
		{40978109-7DC4-4371-8591-42844C63486A}.Release|x86.ActiveCfg = Release|Any CPU
		{40978109-7DC4-4371-8591-42844C63486A}.Release|x86.Build.0 = Release|Any CPU
		{A1454AF0-91BB-4A64-9A52-56218EF7AF68}.Debug|Any CPU.ActiveCfg = Debug|Any CPU
		{A1454AF0-91BB-4A64-9A52-56218EF7AF68}.Debug|Any CPU.Build.0 = Debug|Any CPU
		{A1454AF0-91BB-4A64-9A52-56218EF7AF68}.Debug|x64.ActiveCfg = Debug|Any CPU
		{A1454AF0-91BB-4A64-9A52-56218EF7AF68}.Debug|x64.Build.0 = Debug|Any CPU
		{A1454AF0-91BB-4A64-9A52-56218EF7AF68}.Debug|x86.ActiveCfg = Debug|Any CPU
		{A1454AF0-91BB-4A64-9A52-56218EF7AF68}.Debug|x86.Build.0 = Debug|Any CPU
		{A1454AF0-91BB-4A64-9A52-56218EF7AF68}.Release|Any CPU.ActiveCfg = Release|Any CPU
		{A1454AF0-91BB-4A64-9A52-56218EF7AF68}.Release|Any CPU.Build.0 = Release|Any CPU
		{A1454AF0-91BB-4A64-9A52-56218EF7AF68}.Release|x64.ActiveCfg = Release|Any CPU
		{A1454AF0-91BB-4A64-9A52-56218EF7AF68}.Release|x64.Build.0 = Release|Any CPU
		{A1454AF0-91BB-4A64-9A52-56218EF7AF68}.Release|x86.ActiveCfg = Release|Any CPU
		{A1454AF0-91BB-4A64-9A52-56218EF7AF68}.Release|x86.Build.0 = Release|Any CPU
		{11BABE63-AD65-45F4-B1EF-3BD7E9726596}.Debug|Any CPU.ActiveCfg = Debug|Any CPU
		{11BABE63-AD65-45F4-B1EF-3BD7E9726596}.Debug|Any CPU.Build.0 = Debug|Any CPU
		{11BABE63-AD65-45F4-B1EF-3BD7E9726596}.Debug|x64.ActiveCfg = Debug|Any CPU
		{11BABE63-AD65-45F4-B1EF-3BD7E9726596}.Debug|x64.Build.0 = Debug|Any CPU
		{11BABE63-AD65-45F4-B1EF-3BD7E9726596}.Debug|x86.ActiveCfg = Debug|Any CPU
		{11BABE63-AD65-45F4-B1EF-3BD7E9726596}.Debug|x86.Build.0 = Debug|Any CPU
		{11BABE63-AD65-45F4-B1EF-3BD7E9726596}.Release|Any CPU.ActiveCfg = Release|Any CPU
		{11BABE63-AD65-45F4-B1EF-3BD7E9726596}.Release|Any CPU.Build.0 = Release|Any CPU
		{11BABE63-AD65-45F4-B1EF-3BD7E9726596}.Release|x64.ActiveCfg = Release|Any CPU
		{11BABE63-AD65-45F4-B1EF-3BD7E9726596}.Release|x64.Build.0 = Release|Any CPU
		{11BABE63-AD65-45F4-B1EF-3BD7E9726596}.Release|x86.ActiveCfg = Release|Any CPU
		{11BABE63-AD65-45F4-B1EF-3BD7E9726596}.Release|x86.Build.0 = Release|Any CPU
		{ACAE36C7-BB45-43B4-B045-FE1143E03BF3}.Debug|Any CPU.ActiveCfg = Debug|Any CPU
		{ACAE36C7-BB45-43B4-B045-FE1143E03BF3}.Debug|Any CPU.Build.0 = Debug|Any CPU
		{ACAE36C7-BB45-43B4-B045-FE1143E03BF3}.Debug|x64.ActiveCfg = Debug|Any CPU
		{ACAE36C7-BB45-43B4-B045-FE1143E03BF3}.Debug|x64.Build.0 = Debug|Any CPU
		{ACAE36C7-BB45-43B4-B045-FE1143E03BF3}.Debug|x86.ActiveCfg = Debug|Any CPU
		{ACAE36C7-BB45-43B4-B045-FE1143E03BF3}.Debug|x86.Build.0 = Debug|Any CPU
		{ACAE36C7-BB45-43B4-B045-FE1143E03BF3}.Release|Any CPU.ActiveCfg = Release|Any CPU
		{ACAE36C7-BB45-43B4-B045-FE1143E03BF3}.Release|Any CPU.Build.0 = Release|Any CPU
		{ACAE36C7-BB45-43B4-B045-FE1143E03BF3}.Release|x64.ActiveCfg = Release|Any CPU
		{ACAE36C7-BB45-43B4-B045-FE1143E03BF3}.Release|x64.Build.0 = Release|Any CPU
		{ACAE36C7-BB45-43B4-B045-FE1143E03BF3}.Release|x86.ActiveCfg = Release|Any CPU
		{ACAE36C7-BB45-43B4-B045-FE1143E03BF3}.Release|x86.Build.0 = Release|Any CPU
		{F5D8D39F-A06E-4C8C-BD44-39494E86774D}.Debug|Any CPU.ActiveCfg = Debug|Any CPU
		{F5D8D39F-A06E-4C8C-BD44-39494E86774D}.Debug|Any CPU.Build.0 = Debug|Any CPU
		{F5D8D39F-A06E-4C8C-BD44-39494E86774D}.Debug|x64.ActiveCfg = Debug|Any CPU
		{F5D8D39F-A06E-4C8C-BD44-39494E86774D}.Debug|x64.Build.0 = Debug|Any CPU
		{F5D8D39F-A06E-4C8C-BD44-39494E86774D}.Debug|x86.ActiveCfg = Debug|Any CPU
		{F5D8D39F-A06E-4C8C-BD44-39494E86774D}.Debug|x86.Build.0 = Debug|Any CPU
		{F5D8D39F-A06E-4C8C-BD44-39494E86774D}.Release|Any CPU.ActiveCfg = Release|Any CPU
		{F5D8D39F-A06E-4C8C-BD44-39494E86774D}.Release|Any CPU.Build.0 = Release|Any CPU
		{F5D8D39F-A06E-4C8C-BD44-39494E86774D}.Release|x64.ActiveCfg = Release|Any CPU
		{F5D8D39F-A06E-4C8C-BD44-39494E86774D}.Release|x64.Build.0 = Release|Any CPU
		{F5D8D39F-A06E-4C8C-BD44-39494E86774D}.Release|x86.ActiveCfg = Release|Any CPU
		{F5D8D39F-A06E-4C8C-BD44-39494E86774D}.Release|x86.Build.0 = Release|Any CPU
		{292644F4-E97A-4070-BFE5-AFF5612DFEF8}.Debug|Any CPU.ActiveCfg = Debug|Any CPU
		{292644F4-E97A-4070-BFE5-AFF5612DFEF8}.Debug|Any CPU.Build.0 = Debug|Any CPU
		{292644F4-E97A-4070-BFE5-AFF5612DFEF8}.Debug|x64.ActiveCfg = Debug|Any CPU
		{292644F4-E97A-4070-BFE5-AFF5612DFEF8}.Debug|x64.Build.0 = Debug|Any CPU
		{292644F4-E97A-4070-BFE5-AFF5612DFEF8}.Debug|x86.ActiveCfg = Debug|Any CPU
		{292644F4-E97A-4070-BFE5-AFF5612DFEF8}.Debug|x86.Build.0 = Debug|Any CPU
		{292644F4-E97A-4070-BFE5-AFF5612DFEF8}.Release|Any CPU.ActiveCfg = Release|Any CPU
		{292644F4-E97A-4070-BFE5-AFF5612DFEF8}.Release|Any CPU.Build.0 = Release|Any CPU
		{292644F4-E97A-4070-BFE5-AFF5612DFEF8}.Release|x64.ActiveCfg = Release|Any CPU
		{292644F4-E97A-4070-BFE5-AFF5612DFEF8}.Release|x64.Build.0 = Release|Any CPU
		{292644F4-E97A-4070-BFE5-AFF5612DFEF8}.Release|x86.ActiveCfg = Release|Any CPU
		{292644F4-E97A-4070-BFE5-AFF5612DFEF8}.Release|x86.Build.0 = Release|Any CPU
		{9E2B1E13-18D8-457B-AB98-B27EF11F19AC}.Debug|Any CPU.ActiveCfg = Debug|Any CPU
		{9E2B1E13-18D8-457B-AB98-B27EF11F19AC}.Debug|Any CPU.Build.0 = Debug|Any CPU
		{9E2B1E13-18D8-457B-AB98-B27EF11F19AC}.Debug|x64.ActiveCfg = Debug|Any CPU
		{9E2B1E13-18D8-457B-AB98-B27EF11F19AC}.Debug|x64.Build.0 = Debug|Any CPU
		{9E2B1E13-18D8-457B-AB98-B27EF11F19AC}.Debug|x86.ActiveCfg = Debug|Any CPU
		{9E2B1E13-18D8-457B-AB98-B27EF11F19AC}.Debug|x86.Build.0 = Debug|Any CPU
		{9E2B1E13-18D8-457B-AB98-B27EF11F19AC}.Release|Any CPU.ActiveCfg = Release|Any CPU
		{9E2B1E13-18D8-457B-AB98-B27EF11F19AC}.Release|Any CPU.Build.0 = Release|Any CPU
		{9E2B1E13-18D8-457B-AB98-B27EF11F19AC}.Release|x64.ActiveCfg = Release|Any CPU
		{9E2B1E13-18D8-457B-AB98-B27EF11F19AC}.Release|x64.Build.0 = Release|Any CPU
		{9E2B1E13-18D8-457B-AB98-B27EF11F19AC}.Release|x86.ActiveCfg = Release|Any CPU
		{9E2B1E13-18D8-457B-AB98-B27EF11F19AC}.Release|x86.Build.0 = Release|Any CPU
		{939C3D54-455F-419F-B9CA-61699FE2CC29}.Debug|Any CPU.ActiveCfg = Debug|Any CPU
		{939C3D54-455F-419F-B9CA-61699FE2CC29}.Debug|Any CPU.Build.0 = Debug|Any CPU
		{939C3D54-455F-419F-B9CA-61699FE2CC29}.Debug|x64.ActiveCfg = Debug|Any CPU
		{939C3D54-455F-419F-B9CA-61699FE2CC29}.Debug|x64.Build.0 = Debug|Any CPU
		{939C3D54-455F-419F-B9CA-61699FE2CC29}.Debug|x86.ActiveCfg = Debug|Any CPU
		{939C3D54-455F-419F-B9CA-61699FE2CC29}.Debug|x86.Build.0 = Debug|Any CPU
		{939C3D54-455F-419F-B9CA-61699FE2CC29}.Release|Any CPU.ActiveCfg = Release|Any CPU
		{939C3D54-455F-419F-B9CA-61699FE2CC29}.Release|Any CPU.Build.0 = Release|Any CPU
		{939C3D54-455F-419F-B9CA-61699FE2CC29}.Release|x64.ActiveCfg = Release|Any CPU
		{939C3D54-455F-419F-B9CA-61699FE2CC29}.Release|x64.Build.0 = Release|Any CPU
		{939C3D54-455F-419F-B9CA-61699FE2CC29}.Release|x86.ActiveCfg = Release|Any CPU
		{939C3D54-455F-419F-B9CA-61699FE2CC29}.Release|x86.Build.0 = Release|Any CPU
		{71490492-D513-4471-A0EE-4B654E3C96CF}.Debug|Any CPU.ActiveCfg = Debug|Any CPU
		{71490492-D513-4471-A0EE-4B654E3C96CF}.Debug|Any CPU.Build.0 = Debug|Any CPU
		{71490492-D513-4471-A0EE-4B654E3C96CF}.Debug|x64.ActiveCfg = Debug|Any CPU
		{71490492-D513-4471-A0EE-4B654E3C96CF}.Debug|x64.Build.0 = Debug|Any CPU
		{71490492-D513-4471-A0EE-4B654E3C96CF}.Debug|x86.ActiveCfg = Debug|Any CPU
		{71490492-D513-4471-A0EE-4B654E3C96CF}.Debug|x86.Build.0 = Debug|Any CPU
		{71490492-D513-4471-A0EE-4B654E3C96CF}.Release|Any CPU.ActiveCfg = Release|Any CPU
		{71490492-D513-4471-A0EE-4B654E3C96CF}.Release|Any CPU.Build.0 = Release|Any CPU
		{71490492-D513-4471-A0EE-4B654E3C96CF}.Release|x64.ActiveCfg = Release|Any CPU
		{71490492-D513-4471-A0EE-4B654E3C96CF}.Release|x64.Build.0 = Release|Any CPU
		{71490492-D513-4471-A0EE-4B654E3C96CF}.Release|x86.ActiveCfg = Release|Any CPU
		{71490492-D513-4471-A0EE-4B654E3C96CF}.Release|x86.Build.0 = Release|Any CPU
		{7B8D3F63-EDA4-40E9-B6A3-2B6F3BD5C1FE}.Debug|Any CPU.ActiveCfg = Debug|Any CPU
		{7B8D3F63-EDA4-40E9-B6A3-2B6F3BD5C1FE}.Debug|Any CPU.Build.0 = Debug|Any CPU
		{7B8D3F63-EDA4-40E9-B6A3-2B6F3BD5C1FE}.Debug|x64.ActiveCfg = Debug|Any CPU
		{7B8D3F63-EDA4-40E9-B6A3-2B6F3BD5C1FE}.Debug|x64.Build.0 = Debug|Any CPU
		{7B8D3F63-EDA4-40E9-B6A3-2B6F3BD5C1FE}.Debug|x86.ActiveCfg = Debug|Any CPU
		{7B8D3F63-EDA4-40E9-B6A3-2B6F3BD5C1FE}.Debug|x86.Build.0 = Debug|Any CPU
		{7B8D3F63-EDA4-40E9-B6A3-2B6F3BD5C1FE}.Release|Any CPU.ActiveCfg = Release|Any CPU
		{7B8D3F63-EDA4-40E9-B6A3-2B6F3BD5C1FE}.Release|Any CPU.Build.0 = Release|Any CPU
		{7B8D3F63-EDA4-40E9-B6A3-2B6F3BD5C1FE}.Release|x64.ActiveCfg = Release|Any CPU
		{7B8D3F63-EDA4-40E9-B6A3-2B6F3BD5C1FE}.Release|x64.Build.0 = Release|Any CPU
		{7B8D3F63-EDA4-40E9-B6A3-2B6F3BD5C1FE}.Release|x86.ActiveCfg = Release|Any CPU
		{7B8D3F63-EDA4-40E9-B6A3-2B6F3BD5C1FE}.Release|x86.Build.0 = Release|Any CPU
		{79D4BB32-4355-429E-9BE5-13512EF53FF4}.Debug|Any CPU.ActiveCfg = Debug|Any CPU
		{79D4BB32-4355-429E-9BE5-13512EF53FF4}.Debug|Any CPU.Build.0 = Debug|Any CPU
		{79D4BB32-4355-429E-9BE5-13512EF53FF4}.Debug|x64.ActiveCfg = Debug|Any CPU
		{79D4BB32-4355-429E-9BE5-13512EF53FF4}.Debug|x64.Build.0 = Debug|Any CPU
		{79D4BB32-4355-429E-9BE5-13512EF53FF4}.Debug|x86.ActiveCfg = Debug|Any CPU
		{79D4BB32-4355-429E-9BE5-13512EF53FF4}.Debug|x86.Build.0 = Debug|Any CPU
		{79D4BB32-4355-429E-9BE5-13512EF53FF4}.Release|Any CPU.ActiveCfg = Release|Any CPU
		{79D4BB32-4355-429E-9BE5-13512EF53FF4}.Release|Any CPU.Build.0 = Release|Any CPU
		{79D4BB32-4355-429E-9BE5-13512EF53FF4}.Release|x64.ActiveCfg = Release|Any CPU
		{79D4BB32-4355-429E-9BE5-13512EF53FF4}.Release|x64.Build.0 = Release|Any CPU
		{79D4BB32-4355-429E-9BE5-13512EF53FF4}.Release|x86.ActiveCfg = Release|Any CPU
		{79D4BB32-4355-429E-9BE5-13512EF53FF4}.Release|x86.Build.0 = Release|Any CPU
	EndGlobalSection
	GlobalSection(SolutionProperties) = preSolution
		HideSolutionNode = FALSE
	EndGlobalSection
	GlobalSection(ExtensibilityGlobals) = postSolution
		SolutionGuid = {825EB17F-FED1-4F1F-BED3-F27AC30DDF09}
	EndGlobalSection
EndGlobal
